# This file is automatically @generated by Wally.
# It is not intended for manual editing.
registry = "test"

[[package]]
name = "firebird702/profileservice"
version = "1.1.0"
dependencies = []

[[package]]
name = "hp/anime-fps-game"
version = "0.1.0"
dependencies = [["Profilestore", "sekuriyo-lotus/profilestore@1.0.4"], ["ProfileService", "firebird702/profileservice@1.1.0"]]

[[package]]
name = "sekuriyo-lotus/profilestore"
version = "1.0.4"
dependencies = []
